
Microsoft Visual Studio Solution File, Format Version 12.00
Project("{FAE04EC0-301F-11D3-BF4B-00C04F79EFBC}") = "MyETool.UI.App", "MyETool.UI.App\MyETool.UI.App.csproj", "{17A6B871-FC89-46F9-BF97-21CB1FB75761}"
EndProject
Project("{FAE04EC0-301F-11D3-BF4B-00C04F79EFBC}") = "MyETool.UI", "MyETool.UI\MyETool.UI.csproj", "{2BCD77A9-6325-476F-9518-9A92E77C5903}"
EndProject
Global
	GlobalSection(SolutionConfigurationPlatforms) = preSolution
		Debug|Any CPU = Debug|Any CPU
		Release|Any CPU = Release|Any CPU
	EndGlobalSection
	GlobalSection(ProjectConfigurationPlatforms) = postSolution
		{17A6B871-FC89-46F9-BF97-21CB1FB75761}.Debug|Any CPU.ActiveCfg = Debug|Any CPU
		{17A6B871-FC89-46F9-BF97-21CB1FB75761}.Debug|Any CPU.Build.0 = Debug|Any CPU
		{17A6B871-FC89-46F9-BF97-21CB1FB75761}.Release|Any CPU.ActiveCfg = Release|Any CPU
		{17A6B871-FC89-46F9-BF97-21CB1FB75761}.Release|Any CPU.Build.0 = Release|Any CPU
		{2BCD77A9-6325-476F-9518-9A92E77C5903}.Debug|Any CPU.ActiveCfg = Debug|Any CPU
		{2BCD77A9-6325-476F-9518-9A92E77C5903}.Debug|Any CPU.Build.0 = Debug|Any CPU
		{2BCD77A9-6325-476F-9518-9A92E77C5903}.Release|Any CPU.ActiveCfg = Release|Any CPU
		{2BCD77A9-6325-476F-9518-9A92E77C5903}.Release|Any CPU.Build.0 = Release|Any CPU
	EndGlobalSection
EndGlobal
